
Microsoft Visual Studio Solution File, Format Version 12.00
# Visual Studio Version 17
VisualStudioVersion = 17.13.35919.96
MinimumVisualStudioVersion = 10.0.40219.1
Project("{2150E333-8FDC-42A3-9474-1A3956D46DE8}") = "Sample", "Sample", "{02EA681E-C7D8-13C7-8484-4AC65E1B71E8}"
EndProject
Project("{2150E333-8FDC-42A3-9474-1A3956D46DE8}") = "Framework", "Framework", "{622562EF-66A5-4877-8F77-A266210AC150}"
EndProject
Project("{2150E333-8FDC-42A3-9474-1A3956D46DE8}") = "Testing", "Testing", "{A5771727-4FF1-428D-9B8B-25896148FBF6}"
EndProject
Project("{FAE04EC0-301F-11D3-BF4B-00C04F79EFBC}") = "TodoApp", "Sample\TodoApp\TodoApp.csproj", "{20F25A28-C630-5818-BCDB-1560CCCBC2EB}"
EndProject
Project("{FAE04EC0-301F-11D3-BF4B-00C04F79EFBC}") = "JITDispatcher", "Framework\JITDispatcher\JITDispatcher.csproj", "{D7E5D518-13E0-5218-DD58-28D3B47165FD}"
EndProject
Project("{FAE04EC0-301F-11D3-BF4B-00C04F79EFBC}") = "JITDispatcher.SqlStreamStore", "Framework\JITDispatcher.SqlStreamStore\JITDispatcher.SqlStreamStore.csproj", "{A3D3E31B-F786-EAAD-93CA-9AA76E19A11A}"
EndProject
Project("{FAE04EC0-301F-11D3-BF4B-00C04F79EFBC}") = "JITDispatcher.Tests", "Testing\JITDispatcher.Tests\JITDispatcher.Tests.csproj", "{36A2518E-B14E-B65F-FF33-2DDA76895871}"
EndProject
Global
	GlobalSection(SolutionConfigurationPlatforms) = preSolution
		Debug|Any CPU = Debug|Any CPU
		Release|Any CPU = Release|Any CPU
	EndGlobalSection
	GlobalSection(ProjectConfigurationPlatforms) = postSolution
		{20F25A28-C630-5818-BCDB-1560CCCBC2EB}.Debug|Any CPU.ActiveCfg = Debug|Any CPU
		{20F25A28-C630-5818-BCDB-1560CCCBC2EB}.Debug|Any CPU.Build.0 = Debug|Any CPU
		{20F25A28-C630-5818-BCDB-1560CCCBC2EB}.Release|Any CPU.ActiveCfg = Release|Any CPU
		{20F25A28-C630-5818-BCDB-1560CCCBC2EB}.Release|Any CPU.Build.0 = Release|Any CPU
		{D7E5D518-13E0-5218-DD58-28D3B47165FD}.Debug|Any CPU.ActiveCfg = Debug|Any CPU
		{D7E5D518-13E0-5218-DD58-28D3B47165FD}.Debug|Any CPU.Build.0 = Debug|Any CPU
		{D7E5D518-13E0-5218-DD58-28D3B47165FD}.Release|Any CPU.ActiveCfg = Release|Any CPU
		{D7E5D518-13E0-5218-DD58-28D3B47165FD}.Release|Any CPU.Build.0 = Release|Any CPU
		{A3D3E31B-F786-EAAD-93CA-9AA76E19A11A}.Debug|Any CPU.ActiveCfg = Debug|Any CPU
		{A3D3E31B-F786-EAAD-93CA-9AA76E19A11A}.Debug|Any CPU.Build.0 = Debug|Any CPU
		{A3D3E31B-F786-EAAD-93CA-9AA76E19A11A}.Release|Any CPU.ActiveCfg = Release|Any CPU
		{A3D3E31B-F786-EAAD-93CA-9AA76E19A11A}.Release|Any CPU.Build.0 = Release|Any CPU
		{36A2518E-B14E-B65F-FF33-2DDA76895871}.Debug|Any CPU.ActiveCfg = Debug|Any CPU
		{36A2518E-B14E-B65F-FF33-2DDA76895871}.Debug|Any CPU.Build.0 = Debug|Any CPU
		{36A2518E-B14E-B65F-FF33-2DDA76895871}.Release|Any CPU.ActiveCfg = Release|Any CPU
		{36A2518E-B14E-B65F-FF33-2DDA76895871}.Release|Any CPU.Build.0 = Release|Any CPU
	EndGlobalSection
	GlobalSection(SolutionProperties) = preSolution
		HideSolutionNode = FALSE
	EndGlobalSection
	GlobalSection(NestedProjects) = preSolution
		{20F25A28-C630-5818-BCDB-1560CCCBC2EB} = {02EA681E-C7D8-13C7-8484-4AC65E1B71E8}
		{D7E5D518-13E0-5218-DD58-28D3B47165FD} = {622562EF-66A5-4877-8F77-A266210AC150}
		{A3D3E31B-F786-EAAD-93CA-9AA76E19A11A} = {622562EF-66A5-4877-8F77-A266210AC150}
		{36A2518E-B14E-B65F-FF33-2DDA76895871} = {A5771727-4FF1-428D-9B8B-25896148FBF6}
	EndGlobalSection
	GlobalSection(ExtensibilityGlobals) = postSolution
		SolutionGuid = {D047AFA1-A699-49E5-AE74-6E0BE49C16C1}
	EndGlobalSection
EndGlobal
