
Microsoft Visual Studio Solution File, Format Version 12.00
# Visual Studio Version 17
VisualStudioVersion = 17.13.35919.96 d17.13
MinimumVisualStudioVersion = 10.0.40219.1
Project("{9A19103F-16F7-4668-BE54-9A1E7A4F7556}") = "YetCQRS", "YetCQRS\YetCQRS.csproj", "{284553D0-FD5C-42FA-B16F-80FDE88F52FB}"
EndProject
Project("{FAE04EC0-301F-11D3-BF4B-00C04F79EFBC}") = "YetCQRS.SqlStreamStore", "YetCQRS.SqlStreamStore\YetCQRS.SqlStreamStore.csproj", "{45FA36C1-E39A-4FE4-BA82-916F66DCAAD5}"
EndProject
Project("{FAE04EC0-301F-11D3-BF4B-00C04F79EFBC}") = "YetCQRS.Tests", "YetCQRS.Tests\YetCQRS.Tests.csproj", "{D647127E-7B11-48C3-9E49-0232D7C083CC}"
EndProject
Project("{2150E333-8FDC-42A3-9474-1A3956D46DE8}") = "Sample", "Sample", "{02EA681E-C7D8-13C7-8484-4AC65E1B71E8}"
EndProject
Project("{FAE04EC0-301F-11D3-BF4B-00C04F79EFBC}") = "TodoApp", "TodoApp\TodoApp.csproj", "{79F56E3A-2146-43D0-88D0-AE5F6A56315A}"
EndProject
Global
	GlobalSection(SolutionConfigurationPlatforms) = preSolution
		Debug|Any CPU = Debug|Any CPU
		Release|Any CPU = Release|Any CPU
	EndGlobalSection
	GlobalSection(ProjectConfigurationPlatforms) = postSolution
		{284553D0-FD5C-42FA-B16F-80FDE88F52FB}.Debug|Any CPU.ActiveCfg = Debug|Any CPU
		{284553D0-FD5C-42FA-B16F-80FDE88F52FB}.Debug|Any CPU.Build.0 = Debug|Any CPU
		{284553D0-FD5C-42FA-B16F-80FDE88F52FB}.Release|Any CPU.ActiveCfg = Release|Any CPU
		{284553D0-FD5C-42FA-B16F-80FDE88F52FB}.Release|Any CPU.Build.0 = Release|Any CPU
		{45FA36C1-E39A-4FE4-BA82-916F66DCAAD5}.Debug|Any CPU.ActiveCfg = Debug|Any CPU
		{45FA36C1-E39A-4FE4-BA82-916F66DCAAD5}.Debug|Any CPU.Build.0 = Debug|Any CPU
		{45FA36C1-E39A-4FE4-BA82-916F66DCAAD5}.Release|Any CPU.ActiveCfg = Release|Any CPU
		{45FA36C1-E39A-4FE4-BA82-916F66DCAAD5}.Release|Any CPU.Build.0 = Release|Any CPU
		{D647127E-7B11-48C3-9E49-0232D7C083CC}.Debug|Any CPU.ActiveCfg = Debug|Any CPU
		{D647127E-7B11-48C3-9E49-0232D7C083CC}.Debug|Any CPU.Build.0 = Debug|Any CPU
		{D647127E-7B11-48C3-9E49-0232D7C083CC}.Release|Any CPU.ActiveCfg = Release|Any CPU
		{D647127E-7B11-48C3-9E49-0232D7C083CC}.Release|Any CPU.Build.0 = Release|Any CPU
		{79F56E3A-2146-43D0-88D0-AE5F6A56315A}.Debug|Any CPU.ActiveCfg = Debug|Any CPU
		{79F56E3A-2146-43D0-88D0-AE5F6A56315A}.Debug|Any CPU.Build.0 = Debug|Any CPU
		{79F56E3A-2146-43D0-88D0-AE5F6A56315A}.Release|Any CPU.ActiveCfg = Release|Any CPU
		{79F56E3A-2146-43D0-88D0-AE5F6A56315A}.Release|Any CPU.Build.0 = Release|Any CPU
	EndGlobalSection
	GlobalSection(SolutionProperties) = preSolution
		HideSolutionNode = FALSE
	EndGlobalSection
	GlobalSection(NestedProjects) = preSolution
		{79F56E3A-2146-43D0-88D0-AE5F6A56315A} = {02EA681E-C7D8-13C7-8484-4AC65E1B71E8}
	EndGlobalSection
	GlobalSection(ExtensibilityGlobals) = postSolution
		SolutionGuid = {D047AFA1-A699-49E5-AE74-6E0BE49C16C1}
	EndGlobalSection
EndGlobal
